{
  "object": {
    "pins": [
      {
        "package": "PNG",
        "repositoryURL": "https://github.com/kelvin13/png.git",
        "state": {
          "branch": null,
          "revision": "8ae5c01374b89df130c45d354639c2956bf7ea19",
          "version": "3.0.2"
        }
      }
    ]
  },
  "version": 1
}
